{
  "version": 4,
  "terraform_version": "1.11.4",
  "serial": 93,
  "lineage": "c754f5ae-c3e0-c0db-3e27-40a6b49474e6",
  "outputs": {
    "vpc_data": {
      "value": [
        "vsw-l4vs3m8iclf5infy6tw9k"
      ],
      "type": [
        "list",
        "string"
      ]
    }
  },
  "resources": [
    {
      "mode": "data",
      "type": "alicloud_vpcs",
      "name": "vpcs_ds",
      "provider": "provider[\"registry.terraform.io/aliyun/alicloud\"]",
      "instances": [
        {
          "schema_version": 0,
          "attributes": {
            "cidr_block": null,
            "dhcp_options_set_id": null,
            "dry_run": null,
            "enable_details": true,
            "id": "711601450",
            "ids": [
              "vpc-l4vcfrg4ixfwvbgmpajr5"
            ],
            "is_default": null,
            "name_regex": "vpc-ack-1",
            "names": [
              "vpc-ack-1"
            ],
            "output_file": null,
            "page_number": null,
            "page_size": 50,
            "resource_group_id": null,
            "status": null,
            "tags": null,
            "total_count": 2,
            "vpc_name": null,
            "vpc_owner_id": null,
            "vpcs": [
              {
                "cidr_block": "192.168.0.0/16",
                "creation_time": "2025-07-15T12:37:51Z",
                "description": "",
                "id": "vpc-l4vcfrg4ixfwvbgmpajr5",
                "ipv6_cidr_block": "",
                "is_default": false,
                "region_id": "me-central-1",
                "resource_group_id": "rg-acfnsaaymwr5h4a",
                "route_table_id": "vtb-l4vqziklk7bj47yji57k3",
                "router_id": "vrt-l4v4iy5jeg1wjec5xi2rm",
                "secondary_cidr_blocks": [],
                "status": "Available",
                "tags": {},
                "user_cidrs": [],
                "vpc_id": "vpc-l4vcfrg4ixfwvbgmpajr5",
                "vpc_name": "vpc-ack-1",
                "vrouter_id": "vrt-l4v4iy5jeg1wjec5xi2rm",
                "vswitch_ids": [
                  "vsw-l4vs3m8iclf5infy6tw9k",
                  "vsw-l4vnaarj5dkfn2g8t33wl"
                ]
              }
            ],
            "vswitch_id": null
          },
          "sensitive_attributes": []
        }
      ]
    },
    {
      "mode": "managed",
      "type": "alicloud_instance",
      "name": "this",
      "provider": "provider[\"registry.terraform.io/aliyun/alicloud\"]",
      "instances": [
        {
          "schema_version": 0,
          "attributes": {
            "allocate_public_ip": null,
            "auto_release_time": "",
            "auto_renew_period": null,
            "availability_zone": "me-central-1b",
            "cpu": 2,
            "create_time": "2026-02-15T07:30Z",
            "credit_specification": "",
            "data_disks": [],
            "dedicated_host_id": "",
            "deletion_protection": false,
            "deployment_set_group_no": null,
            "deployment_set_id": "",
            "description": "",
            "dry_run": false,
            "enable_jumbo_frame": true,
            "expired_time": "2099-12-31T15:59Z",
            "force_delete": null,
            "host_name": "iZl4vbg7wdf9veam11h4waZ",
            "hpc_cluster_id": "",
            "http_endpoint": "",
            "http_put_response_hop_limit": 0,
            "http_tokens": "",
            "id": "i-l4vbg7wdf9veam11h4wa",
            "image_id": "ubuntu_24_04_x64_20G_alibase_20260119.vhd",
            "include_data_disks": null,
            "instance_charge_type": "PostPaid",
            "instance_name": "vm-crearted-byrk-tf",
            "instance_type": "ecs.c9i.large",
            "internet_charge_type": "PayByTraffic",
            "internet_max_bandwidth_in": 2500,
            "internet_max_bandwidth_out": 1,
            "io_optimized": null,
            "ipv6_address_count": 0,
            "ipv6_addresses": [],
            "is_outdated": null,
            "key_name": "rahees-mac-m4-ssh-public-sky",
            "kms_encrypted_password": null,
            "kms_encryption_context": null,
            "launch_template_id": null,
            "launch_template_name": null,
            "launch_template_version": null,
            "maintenance_action": "AutoRecover",
            "maintenance_notify": false,
            "maintenance_time": [],
            "memory": 4096,
            "network_card_index": null,
            "network_interface_id": "eni-l4vjd0xqfiqstywqgjcl",
            "network_interface_traffic_mode": "Standard",
            "network_interfaces": [],
            "operator_type": null,
            "os_name": "Ubuntu  24.04 64位",
            "os_type": "linux",
            "password": "",
            "password_inherit": null,
            "period": null,
            "period_unit": null,
            "primary_ip_address": "192.168.1.24",
            "private_ip": "192.168.1.24",
            "public_ip": "8.213.24.204",
            "queue_pair_number": 0,
            "renewal_status": null,
            "resource_group_id": "",
            "role_name": null,
            "secondary_private_ip_address_count": 0,
            "secondary_private_ips": [],
            "security_enhancement_strategy": null,
            "security_groups": [
              "sg-l4vapo1aineclx0bdf33"
            ],
            "spot_duration": 0,
            "spot_price_limit": 0,
            "spot_strategy": "NoSpot",
            "start_time": "2026-02-15T07:30Z",
            "status": "Running",
            "stopped_mode": "Not-applicable",
            "subnet_id": "vsw-l4vs3m8iclf5infy6tw9k",
            "system_disk_auto_snapshot_policy_id": "",
            "system_disk_category": "cloud_essd",
            "system_disk_description": "",
            "system_disk_encrypt_algorithm": null,
            "system_disk_encrypted": false,
            "system_disk_id": "d-l4vbg7wdf9veam10s8gz",
            "system_disk_kms_key_id": "",
            "system_disk_name": "",
            "system_disk_performance_level": "PL1",
            "system_disk_size": 55,
            "system_disk_storage_cluster_id": "",
            "tags": null,
            "timeouts": null,
            "user_data": "",
            "volume_tags": {},
            "vpc_id": "vpc-l4vcfrg4ixfwvbgmpajr5",
            "vswitch_id": "vsw-l4vs3m8iclf5infy6tw9k"
          },
          "sensitive_attributes": [
            [
              {
                "type": "get_attr",
                "value": "password"
              }
            ]
          ],
          "private": "eyJlMmJmYjczMC1lY2FhLTExZTYtOGY4OC0zNDM2M2JjN2M0YzAiOnsiY3JlYXRlIjo2MDAwMDAwMDAwMDAsImRlbGV0ZSI6MTIwMDAwMDAwMDAwMCwidXBkYXRlIjo2MDAwMDAwMDAwMDB9fQ==",
          "dependencies": [
            "data.alicloud_vpcs.vpcs_ds"
          ],
          "create_before_destroy": true
        }
      ]
    },
    {
      "mode": "managed",
      "type": "random_string",
      "name": "rs1",
      "provider": "provider[\"registry.terraform.io/hashicorp/random\"]",
      "instances": [
        {
          "schema_version": 2,
          "attributes": {
            "id": "6nng{DFI:pKz9zkQT9bw",
            "keepers": null,
            "length": 20,
            "lower": true,
            "min_lower": 0,
            "min_numeric": 0,
            "min_special": 0,
            "min_upper": 0,
            "number": true,
            "numeric": true,
            "override_special": null,
            "result": "6nng{DFI:pKz9zkQT9bw",
            "special": true,
            "upper": true
          },
          "sensitive_attributes": []
        }
      ]
    }
  ],
  "check_results": [
    {
      "object_kind": "var",
      "config_addr": "var.length",
      "status": "pass",
      "objects": [
        {
          "object_addr": "var.length",
          "status": "pass"
        }
      ]
    }
  ]
}
